
Microsoft Visual Studio Solution File, Format Version 12.00
# Visual Studio Version 16
VisualStudioVersion = 16.0.31624.102
MinimumVisualStudioVersion = 10.0.40219.1
Project("{FAE04EC0-301F-11D3-BF4B-00C04F79EFBC}") = "GifCropper", "GifCropper\GifCropper.csproj", "{35360D24-23CC-44C5-848B-8C65B78ECF1C}"
EndProject
Global
	GlobalSection(SolutionConfigurationPlatforms) = preSolution
		Debug|Any CPU = Debug|Any CPU
		Release|Any CPU = Release|Any CPU
	EndGlobalSection
	GlobalSection(ProjectConfigurationPlatforms) = postSolution
		{35360D24-23CC-44C5-848B-8C65B78ECF1C}.Debug|Any CPU.ActiveCfg = Debug|Any CPU
		{35360D24-23CC-44C5-848B-8C65B78ECF1C}.Debug|Any CPU.Build.0 = Debug|Any CPU
		{35360D24-23CC-44C5-848B-8C65B78ECF1C}.Release|Any CPU.ActiveCfg = Release|Any CPU
		{35360D24-23CC-44C5-848B-8C65B78ECF1C}.Release|Any CPU.Build.0 = Release|Any CPU
	EndGlobalSection
	GlobalSection(SolutionProperties) = preSolution
		HideSolutionNode = FALSE
	EndGlobalSection
	GlobalSection(ExtensibilityGlobals) = postSolution
		SolutionGuid = {64B7134A-4647-4949-91CC-49A1EB17B356}
	EndGlobalSection
EndGlobal
